
Microsoft Visual Studio Solution File, Format Version 12.00
# Visual Studio Version 17
VisualStudioVersion = 17.4.33213.308
MinimumVisualStudioVersion = 10.0.40219.1
Project("{FAE04EC0-301F-11D3-BF4B-00C04F79EFBC}") = "MusicCMS Admin", "MusicCMS Admin.csproj", "{8CE4D6BE-0165-4E2D-A674-05FC662DE9AC}"
EndProject
Global
	GlobalSection(SolutionConfigurationPlatforms) = preSolution
		Debug|Any CPU = Debug|Any CPU
		Release|Any CPU = Release|Any CPU
	EndGlobalSection
	GlobalSection(ProjectConfigurationPlatforms) = postSolution
		{8CE4D6BE-0165-4E2D-A674-05FC662DE9AC}.Debug|Any CPU.ActiveCfg = Debug|Any CPU
		{8CE4D6BE-0165-4E2D-A674-05FC662DE9AC}.Debug|Any CPU.Build.0 = Debug|Any CPU
		{8CE4D6BE-0165-4E2D-A674-05FC662DE9AC}.Release|Any CPU.ActiveCfg = Release|Any CPU
		{8CE4D6BE-0165-4E2D-A674-05FC662DE9AC}.Release|Any CPU.Build.0 = Release|Any CPU
	EndGlobalSection
	GlobalSection(SolutionProperties) = preSolution
		HideSolutionNode = FALSE
	EndGlobalSection
	GlobalSection(ExtensibilityGlobals) = postSolution
		SolutionGuid = {4195ED69-5319-4D35-8EEA-30B7D414A2F2}
	EndGlobalSection
EndGlobal
